// !$*UTF8*$!
{
	archiveVersion = 1;
	classes = {
	};
	objectVersion = 46;
	objects = {

/* Begin PBXBuildFile section */
		C5CBCF4E1DC143E8001B707B /* AppDelegate.swift in Sources */ = {isa = PBXBuildFile; fileRef = C5CBCF4D1DC143E8001B707B /* AppDelegate.swift */; };
		C5CBCF501DC143E8001B707B /* ViewController.swift in Sources */ = {isa = PBXBuildFile; fileRef = C5CBCF4F1DC143E8001B707B /* ViewController.swift */; };
		C5CBCF531DC143E8001B707B /* Main.storyboard in Resources */ = {isa = PBXBuildFile; fileRef = C5CBCF511DC143E8001B707B /* Main.storyboard */; };
		C5CBCF551DC143E8001B707B /* Assets.xcassets in Resources */ = {isa = PBXBuildFile; fileRef = C5CBCF541DC143E8001B707B /* Assets.xcassets */; };
		C5CBCF581DC143E8001B707B /* LaunchScreen.storyboard in Resources */ = {isa = PBXBuildFile; fileRef = C5CBCF561DC143E8001B707B /* LaunchScreen.storyboard */; };
		C5CBCF601DC14423001B707B /* ScenicAPI.swift in Sources */ = {isa = PBXBuildFile; fileRef = C5CBCF5F1DC14423001B707B /* ScenicAPI.swift */; };
/* End PBXBuildFile section */

/* Begin PBXFileReference section */
		C5CBCF4A1DC143E8001B707B /* IntegrateWithScenicExample.app */ = {isa = PBXFileReference; explicitFileType = wrapper.application; includeInIndex = 0; path = IntegrateWithScenicExample.app; sourceTree = BUILT_PRODUCTS_DIR; };
		C5CBCF4D1DC143E8001B707B /* AppDelegate.swift */ = {isa = PBXFileReference; lastKnownFileType = sourcecode.swift; path = AppDelegate.swift; sourceTree = "<group>"; };
		C5CBCF4F1DC143E8001B707B /* ViewController.swift */ = {isa = PBXFileReference; lastKnownFileType = sourcecode.swift; path = ViewController.swift; sourceTree = "<group>"; };
		C5CBCF521DC143E8001B707B /* Base */ = {isa = PBXFileReference; lastKnownFileType = file.storyboard; name = Base; path = Base.lproj/Main.storyboard; sourceTree = "<group>"; };
		C5CBCF541DC143E8001B707B /* Assets.xcassets */ = {isa = PBXFileReference; lastKnownFileType = folder.assetcatalog; path = Assets.xcassets; sourceTree = "<group>"; };
		C5CBCF571DC143E8001B707B /* Base */ = {isa = PBXFileReference; lastKnownFileType = file.storyboard; name = Base; path = Base.lproj/LaunchScreen.storyboard; sourceTree = "<group>"; };
		C5CBCF591DC143E8001B707B /* Info.plist */ = {isa = PBXFileReference; lastKnownFileType = text.plist.xml; path = Info.plist; sourceTree = "<group>"; };
		C5CBCF5F1DC14423001B707B /* ScenicAPI.swift */ = {isa = PBXFileReference; fileEncoding = 4; lastKnownFileType = sourcecode.swift; name = ScenicAPI.swift; path = IntegrateWithScenicExample/ScenicAPI.swift; sourceTree = "<group>"; };
/* End PBXFileReference section */

/* Begin PBXFrameworksBuildPhase section */
		C5CBCF471DC143E8001B707B /* Frameworks */ = {
			isa = PBXFrameworksBuildPhase;
			buildActionMask = 2147483647;
			files = (
			);
			runOnlyForDeploymentPostprocessing = 0;
		};
/* End PBXFrameworksBuildPhase section */

/* Begin PBXGroup section */
		C5CBCF411DC143E8001B707B = {
			isa = PBXGroup;
			children = (
				C5CBCF5F1DC14423001B707B /* ScenicAPI.swift */,
				C5CBCF4C1DC143E8001B707B /* IntegrateWithScenicExample */,
				C5CBCF4B1DC143E8001B707B /* Products */,
			);
			sourceTree = "<group>";
		};
		C5CBCF4B1DC143E8001B707B /* Products */ = {
			isa = PBXGroup;
			children = (
				C5CBCF4A1DC143E8001B707B /* IntegrateWithScenicExample.app */,
			);
			name = Products;
			sourceTree = "<group>";
		};
		C5CBCF4C1DC143E8001B707B /* IntegrateWithScenicExample */ = {
			isa = PBXGroup;
			children = (
				C5CBCF4D1DC143E8001B707B /* AppDelegate.swift */,
				C5CBCF4F1DC143E8001B707B /* ViewController.swift */,
				C5CBCF511DC143E8001B707B /* Main.storyboard */,
				C5CBCF541DC143E8001B707B /* Assets.xcassets */,
				C5CBCF561DC143E8001B707B /* LaunchScreen.storyboard */,
				C5CBCF591DC143E8001B707B /* Info.plist */,
			);
			path = IntegrateWithScenicExample;
			sourceTree = "<group>";
		};
/* End PBXGroup section */

/* Begin PBXNativeTarget section */
		C5CBCF491DC143E8001B707B /* IntegrateWithScenicExample */ = {
			isa = PBXNativeTarget;
			buildConfigurationList = C5CBCF5C1DC143E8001B707B /* Build configuration list for PBXNativeTarget "IntegrateWithScenicExample" */;
			buildPhases = (
				C5CBCF461DC143E8001B707B /* Sources */,
				C5CBCF471DC143E8001B707B /* Frameworks */,
				C5CBCF481DC143E8001B707B /* Resources */,
			);
			buildRules = (
			);
			dependencies = (
			);
			name = IntegrateWithScenicExample;
			productName = IntegrateWithScenicExample;
			productReference = C5CBCF4A1DC143E8001B707B /* IntegrateWithScenicExample.app */;
			productType = "com.apple.product-type.application";
		};
/* End PBXNativeTarget section */

/* Begin PBXProject section */
		C5CBCF421DC143E8001B707B /* Project object */ = {
			isa = PBXProject;
			attributes = {
				LastSwiftUpdateCheck = 0800;
				LastUpgradeCheck = 0810;
				ORGANIZATIONNAME = "Guido van Eijsden";
				TargetAttributes = {
					C5CBCF491DC143E8001B707B = {
						CreatedOnToolsVersion = 8.0;
						DevelopmentTeam = 9WSBKTU2S8;
						ProvisioningStyle = Automatic;
					};
				};
			};
			buildConfigurationList = C5CBCF451DC143E8001B707B /* Build configuration list for PBXProject "IntegrateWithScenicExample" */;
			compatibilityVersion = "Xcode 3.2";
			developmentRegion = English;
			hasScannedForEncodings = 0;
			knownRegions = (
				en,
				Base,
			);
			mainGroup = C5CBCF411DC143E8001B707B;
			productRefGroup = C5CBCF4B1DC143E8001B707B /* Products */;
			projectDirPath = "";
			projectRoot = "";
			targets = (
				C5CBCF491DC143E8001B707B /* IntegrateWithScenicExample */,
			);
		};
/* End PBXProject section */

/* Begin PBXResourcesBuildPhase section */
		C5CBCF481DC143E8001B707B /* Resources */ = {
			isa = PBXResourcesBuildPhase;
			buildActionMask = 2147483647;
			files = (
				C5CBCF581DC143E8001B707B /* LaunchScreen.storyboard in Resources */,
				C5CBCF551DC143E8001B707B /* Assets.xcassets in Resources */,
				C5CBCF531DC143E8001B707B /* Main.storyboard in Resources */,
			);
			runOnlyForDeploymentPostprocessing = 0;
		};
/* End PBXResourcesBuildPhase section */

/* Begin PBXSourcesBuildPhase section */
		C5CBCF461DC143E8001B707B /* Sources */ = {
			isa = PBXSourcesBuildPhase;
			buildActionMask = 2147483647;
			files = (
				C5CBCF501DC143E8001B707B /* ViewController.swift in Sources */,
				C5CBCF4E1DC143E8001B707B /* AppDelegate.swift in Sources */,
				C5CBCF601DC14423001B707B /* ScenicAPI.swift in Sources */,
			);
			runOnlyForDeploymentPostprocessing = 0;
		};
/* End PBXSourcesBuildPhase section */

/* Begin PBXVariantGroup section */
		C5CBCF511DC143E8001B707B /* Main.storyboard */ = {
			isa = PBXVariantGroup;
			children = (
				C5CBCF521DC143E8001B707B /* Base */,
			);
			name = Main.storyboard;
			sourceTree = "<group>";
		};
		C5CBCF561DC143E8001B707B /* LaunchScreen.storyboard */ = {
			isa = PBXVariantGroup;
			children = (
				C5CBCF571DC143E8001B707B /* Base */,
			);
			name = LaunchScreen.storyboard;
			sourceTree = "<group>";
		};
/* End PBXVariantGroup section */

/* Begin XCBuildConfiguration section */
		C5CBCF5A1DC143E8001B707B /* Debug */ = {
			isa = XCBuildConfiguration;
			buildSettings = {
				ALWAYS_SEARCH_USER_PATHS = NO;
				CLANG_ANALYZER_NONNULL = YES;
				CLANG_CXX_LANGUAGE_STANDARD = "gnu++0x";
				CLANG_CXX_LIBRARY = "libc++";
				CLANG_ENABLE_MODULES = YES;
				CLANG_ENABLE_OBJC_ARC = YES;
				CLANG_WARN_BOOL_CONVERSION = YES;
				CLANG_WARN_CONSTANT_CONVERSION = YES;
				CLANG_WARN_DIRECT_OBJC_ISA_USAGE = YES_ERROR;
				CLANG_WARN_DOCUMENTATION_COMMENTS = YES;
				CLANG_WARN_EMPTY_BODY = YES;
				CLANG_WARN_ENUM_CONVERSION = YES;
				CLANG_WARN_INFINITE_RECURSION = YES;
				CLANG_WARN_INT_CONVERSION = YES;
				CLANG_WARN_OBJC_ROOT_CLASS = YES_ERROR;
				CLANG_WARN_SUSPICIOUS_MOVE = YES;
				CLANG_WARN_SUSPICIOUS_MOVES = YES;
				CLANG_WARN_UNREACHABLE_CODE = YES;
				CLANG_WARN__DUPLICATE_METHOD_MATCH = YES;
				"CODE_SIGN_IDENTITY[sdk=iphoneos*]" = "iPhone Developer";
				COPY_PHASE_STRIP = NO;
				DEBUG_INFORMATION_FORMAT = dwarf;
				ENABLE_STRICT_OBJC_MSGSEND = YES;
				ENABLE_TESTABILITY = YES;
				GCC_C_LANGUAGE_STANDARD = gnu99;
				GCC_DYNAMIC_NO_PIC = NO;
				GCC_NO_COMMON_BLOCKS = YES;
				GCC_OPTIMIZATION_LEVEL = 0;
				GCC_PREPROCESSOR_DEFINITIONS = (
					"DEBUG=1",
					"$(inherited)",
				);
				GCC_WARN_64_TO_32_BIT_CONVERSION = YES;
				GCC_WARN_ABOUT_RETURN_TYPE = YES_ERROR;
				GCC_WARN_UNDECLARED_SELECTOR = YES;
				GCC_WARN_UNINITIALIZED_AUTOS = YES_AGGRESSIVE;
				GCC_WARN_UNUSED_FUNCTION = YES;
				GCC_WARN_UNUSED_VARIABLE = YES;
				IPHONEOS_DEPLOYMENT_TARGET = 10.0;
				MTL_ENABLE_DEBUG_INFO = YES;
				ONLY_ACTIVE_ARCH = YES;
				SDKROOT = iphoneos;
				SWIFT_ACTIVE_COMPILATION_CONDITIONS = DEBUG;
				SWIFT_OPTIMIZATION_LEVEL = "-Onone";
				TARGETED_DEVICE_FAMILY = "1,2";
			};
			name = Debug;
		};
		C5CBCF5B1DC143E8001B707B /* Release */ = {
			isa = XCBuildConfiguration;
			buildSettings = {
				ALWAYS_SEARCH_USER_PATHS = NO;
				CLANG_ANALYZER_NONNULL = YES;
				CLANG_CXX_LANGUAGE_STANDARD = "gnu++0x";
				CLANG_CXX_LIBRARY = "libc++";
				CLANG_ENABLE_MODULES = YES;
				CLANG_ENABLE_OBJC_ARC = YES;
				CLANG_WARN_BOOL_CONVERSION = YES;
				CLANG_WARN_CONSTANT_CONVERSION = YES;
				CLANG_WARN_DIRECT_OBJC_ISA_USAGE = YES_ERROR;
				CLANG_WARN_DOCUMENTATION_COMMENTS = YES;
				CLANG_WARN_EMPTY_BODY = YES;
				CLANG_WARN_ENUM_CONVERSION = YES;
				CLANG_WARN_INFINITE_RECURSION = YES;
				CLANG_WARN_INT_CONVERSION = YES;
				CLANG_WARN_OBJC_ROOT_CLASS = YES_ERROR;
				CLANG_WARN_SUSPICIOUS_MOVE = YES;
				CLANG_WARN_SUSPICIOUS_MOVES = YES;
				CLANG_WARN_UNREACHABLE_CODE = YES;
				CLANG_WARN__DUPLICATE_METHOD_MATCH = YES;
				"CODE_SIGN_IDENTITY[sdk=iphoneos*]" = "iPhone Developer";
				COPY_PHASE_STRIP = NO;
				DEBUG_INFORMATION_FORMAT = "dwarf-with-dsym";
				ENABLE_NS_ASSERTIONS = NO;
				ENABLE_STRICT_OBJC_MSGSEND = YES;
				GCC_C_LANGUAGE_STANDARD = gnu99;
				GCC_NO_COMMON_BLOCKS = YES;
				GCC_WARN_64_TO_32_BIT_CONVERSION = YES;
				GCC_WARN_ABOUT_RETURN_TYPE = YES_ERROR;
				GCC_WARN_UNDECLARED_SELECTOR = YES;
				GCC_WARN_UNINITIALIZED_AUTOS = YES_AGGRESSIVE;
				GCC_WARN_UNUSED_FUNCTION = YES;
				GCC_WARN_UNUSED_VARIABLE = YES;
				IPHONEOS_DEPLOYMENT_TARGET = 10.0;
				MTL_ENABLE_DEBUG_INFO = NO;
				SDKROOT = iphoneos;
				SWIFT_OPTIMIZATION_LEVEL = "-Owholemodule";
				TARGETED_DEVICE_FAMILY = "1,2";
				VALIDATE_PRODUCT = YES;
			};
			name = Release;
		};
		C5CBCF5D1DC143E8001B707B /* Debug */ = {
			isa = XCBuildConfiguration;
			buildSettings = {
				ASSETCATALOG_COMPILER_APPICON_NAME = AppIcon;
				DEVELOPMENT_TEAM = 9WSBKTU2S8;
				INFOPLIST_FILE = IntegrateWithScenicExample/Info.plist;
				LD_RUNPATH_SEARCH_PATHS = "$(inherited) @executable_path/Frameworks";
				PRODUCT_BUNDLE_IDENTIFIER = com.pinguido.IntegrateWithScenicExample;
				PRODUCT_NAME = "$(TARGET_NAME)";
				SWIFT_VERSION = 3.0;
			};
			name = Debug;
		};
		C5CBCF5E1DC143E8001B707B /* Release */ = {
			isa = XCBuildConfiguration;
			buildSettings = {
				ASSETCATALOG_COMPILER_APPICON_NAME = AppIcon;
				DEVELOPMENT_TEAM = 9WSBKTU2S8;
				INFOPLIST_FILE = IntegrateWithScenicExample/Info.plist;
				LD_RUNPATH_SEARCH_PATHS = "$(inherited) @executable_path/Frameworks";
				PRODUCT_BUNDLE_IDENTIFIER = com.pinguido.IntegrateWithScenicExample;
				PRODUCT_NAME = "$(TARGET_NAME)";
				SWIFT_VERSION = 3.0;
			};
			name = Release;
		};
/* End XCBuildConfiguration section */

/* Begin XCConfigurationList section */
		C5CBCF451DC143E8001B707B /* Build configuration list for PBXProject "IntegrateWithScenicExample" */ = {
			isa = XCConfigurationList;
			buildConfigurations = (
				C5CBCF5A1DC143E8001B707B /* Debug */,
				C5CBCF5B1DC143E8001B707B /* Release */,
			);
			defaultConfigurationIsVisible = 0;
			defaultConfigurationName = Release;
		};
		C5CBCF5C1DC143E8001B707B /* Build configuration list for PBXNativeTarget "IntegrateWithScenicExample" */ = {
			isa = XCConfigurationList;
			buildConfigurations = (
				C5CBCF5D1DC143E8001B707B /* Debug */,
				C5CBCF5E1DC143E8001B707B /* Release */,
			);
			defaultConfigurationIsVisible = 0;
			defaultConfigurationName = Release;
		};
/* End XCConfigurationList section */
	};
	rootObject = C5CBCF421DC143E8001B707B /* Project object */;
}
